
Microsoft Visual Studio Solution File, Format Version 12.00
# Visual Studio Version 16
VisualStudioVersion = 16.0.31410.357
MinimumVisualStudioVersion = 10.0.40219.1
Project("{2150E333-8FDC-42A3-9474-1A3956D46DE8}") = "src", "src", "{EE0CB65E-E92A-4AB8-9ECE-408A98E8DE29}"
EndProject
Project("{2150E333-8FDC-42A3-9474-1A3956D46DE8}") = "services", "services", "{1E4F4285-7A1F-4745-A161-3D93DD63234E}"
EndProject
Project("{2150E333-8FDC-42A3-9474-1A3956D46DE8}") = "Solution Items", "Solution Items", "{E2E14393-5826-46E9-A5AD-F6CD38319CAE}"
	ProjectSection(SolutionItems) = preProject
		docker-compose.yml = docker-compose.yml
		Dockerfile = Dockerfile
		Readme = Readme
		settings.ruleset = settings.ruleset
	EndProjectSection
EndProject
Project("{2150E333-8FDC-42A3-9474-1A3956D46DE8}") = "tests", "tests", "{E8CACA07-8EE0-4642-B2B9-01FD86BD9EC2}"
EndProject
Project("{9A19103F-16F7-4668-BE54-9A1E7A4F7556}") = "CartApi", "src\CartApi\CartApi.csproj", "{CEB9612F-E5B0-45BE-B981-7DD393CC2AE8}"
EndProject
Project("{9A19103F-16F7-4668-BE54-9A1E7A4F7556}") = "CartApi.Service", "services\CartApi.Service\CartApi.Service.csproj", "{01C2B3E4-E7ED-4C51-B410-044A7D6DCA6D}"
EndProject
Global
	GlobalSection(SolutionConfigurationPlatforms) = preSolution
		Debug|Any CPU = Debug|Any CPU
		Release|Any CPU = Release|Any CPU
	EndGlobalSection
	GlobalSection(ProjectConfigurationPlatforms) = postSolution
		{CEB9612F-E5B0-45BE-B981-7DD393CC2AE8}.Debug|Any CPU.ActiveCfg = Debug|Any CPU
		{CEB9612F-E5B0-45BE-B981-7DD393CC2AE8}.Debug|Any CPU.Build.0 = Debug|Any CPU
		{CEB9612F-E5B0-45BE-B981-7DD393CC2AE8}.Release|Any CPU.ActiveCfg = Release|Any CPU
		{CEB9612F-E5B0-45BE-B981-7DD393CC2AE8}.Release|Any CPU.Build.0 = Release|Any CPU
		{01C2B3E4-E7ED-4C51-B410-044A7D6DCA6D}.Debug|Any CPU.ActiveCfg = Debug|Any CPU
		{01C2B3E4-E7ED-4C51-B410-044A7D6DCA6D}.Debug|Any CPU.Build.0 = Debug|Any CPU
		{01C2B3E4-E7ED-4C51-B410-044A7D6DCA6D}.Release|Any CPU.ActiveCfg = Release|Any CPU
		{01C2B3E4-E7ED-4C51-B410-044A7D6DCA6D}.Release|Any CPU.Build.0 = Release|Any CPU
	EndGlobalSection
	GlobalSection(SolutionProperties) = preSolution
		HideSolutionNode = FALSE
	EndGlobalSection
	GlobalSection(NestedProjects) = preSolution
		{CEB9612F-E5B0-45BE-B981-7DD393CC2AE8} = {EE0CB65E-E92A-4AB8-9ECE-408A98E8DE29}
		{01C2B3E4-E7ED-4C51-B410-044A7D6DCA6D} = {1E4F4285-7A1F-4745-A161-3D93DD63234E}
	EndGlobalSection
	GlobalSection(ExtensibilityGlobals) = postSolution
		SolutionGuid = {CDB96404-791D-4CB5-853F-DDE51980772C}
	EndGlobalSection
EndGlobal
